
Microsoft Visual Studio Solution File, Format Version 12.00
# Visual Studio Version 16
VisualStudioVersion = 16.0.30804.86
MinimumVisualStudioVersion = 10.0.40219.1
Project("{FAE04EC0-301F-11D3-BF4B-00C04F79EFBC}") = "BlogPostsAPI", "BlogPostsAPI\BlogPostsAPI.csproj", "{34E48996-D7D1-4868-A09F-1D653C37385F}"
EndProject
Global
	GlobalSection(SolutionConfigurationPlatforms) = preSolution
		Debug|Any CPU = Debug|Any CPU
		Release|Any CPU = Release|Any CPU
	EndGlobalSection
	GlobalSection(ProjectConfigurationPlatforms) = postSolution
		{34E48996-D7D1-4868-A09F-1D653C37385F}.Debug|Any CPU.ActiveCfg = Debug|Any CPU
		{34E48996-D7D1-4868-A09F-1D653C37385F}.Debug|Any CPU.Build.0 = Debug|Any CPU
		{34E48996-D7D1-4868-A09F-1D653C37385F}.Release|Any CPU.ActiveCfg = Release|Any CPU
		{34E48996-D7D1-4868-A09F-1D653C37385F}.Release|Any CPU.Build.0 = Release|Any CPU
	EndGlobalSection
	GlobalSection(SolutionProperties) = preSolution
		HideSolutionNode = FALSE
	EndGlobalSection
	GlobalSection(ExtensibilityGlobals) = postSolution
		SolutionGuid = {3DF6A3AC-5623-412E-A53E-C549C8390839}
	EndGlobalSection
EndGlobal
